
Microsoft Visual Studio Solution File, Format Version 12.00
# Visual Studio Version 16
VisualStudioVersion = 16.0.30204.135
MinimumVisualStudioVersion = 10.0.40219.1
Project("{FAE04EC0-301F-11D3-BF4B-00C04F79EFBC}") = "Linq_Lambda_Expressions", "Linq_Lambda_Expressions\Linq_Lambda_Expressions.csproj", "{B023AE42-EB66-4CE7-8406-8B628692E00E}"
EndProject
Global
	GlobalSection(SolutionConfigurationPlatforms) = preSolution
		Debug|Any CPU = Debug|Any CPU
		Release|Any CPU = Release|Any CPU
	EndGlobalSection
	GlobalSection(ProjectConfigurationPlatforms) = postSolution
		{B023AE42-EB66-4CE7-8406-8B628692E00E}.Debug|Any CPU.ActiveCfg = Debug|Any CPU
		{B023AE42-EB66-4CE7-8406-8B628692E00E}.Debug|Any CPU.Build.0 = Debug|Any CPU
		{B023AE42-EB66-4CE7-8406-8B628692E00E}.Release|Any CPU.ActiveCfg = Release|Any CPU
		{B023AE42-EB66-4CE7-8406-8B628692E00E}.Release|Any CPU.Build.0 = Release|Any CPU
	EndGlobalSection
	GlobalSection(SolutionProperties) = preSolution
		HideSolutionNode = FALSE
	EndGlobalSection
	GlobalSection(ExtensibilityGlobals) = postSolution
		SolutionGuid = {D17F7713-3E84-42D2-8DC9-437395E04E31}
	EndGlobalSection
EndGlobal
